
Microsoft Visual Studio Solution File, Format Version 12.00
# Visual Studio Version 17
VisualStudioVersion = 17.6.33829.357
MinimumVisualStudioVersion = 10.0.40219.1
Project("{9A19103F-16F7-4668-BE54-9A1E7A4F7556}") = "Course Management System", "Course Management System.csproj", "{9493B13F-2243-445C-9ADA-B9612BA8717A}"
EndProject
Project("{9A19103F-16F7-4668-BE54-9A1E7A4F7556}") = "Data Access Layer", "..\Data Access Layer\Data Access Layer.csproj", "{24B598B8-F9D3-4D76-BE52-0B6A15E0C51B}"
EndProject
Project("{9A19103F-16F7-4668-BE54-9A1E7A4F7556}") = "Business Logic Layer", "..\Business Logic Layer\Business Logic Layer.csproj", "{0AFED880-55DD-452F-A7FA-6401D07F79B5}"
EndProject
Global
	GlobalSection(SolutionConfigurationPlatforms) = preSolution
		Debug|Any CPU = Debug|Any CPU
		Release|Any CPU = Release|Any CPU
	EndGlobalSection
	GlobalSection(ProjectConfigurationPlatforms) = postSolution
		{9493B13F-2243-445C-9ADA-B9612BA8717A}.Debug|Any CPU.ActiveCfg = Debug|Any CPU
		{9493B13F-2243-445C-9ADA-B9612BA8717A}.Debug|Any CPU.Build.0 = Debug|Any CPU
		{9493B13F-2243-445C-9ADA-B9612BA8717A}.Release|Any CPU.ActiveCfg = Release|Any CPU
		{9493B13F-2243-445C-9ADA-B9612BA8717A}.Release|Any CPU.Build.0 = Release|Any CPU
		{24B598B8-F9D3-4D76-BE52-0B6A15E0C51B}.Debug|Any CPU.ActiveCfg = Debug|Any CPU
		{24B598B8-F9D3-4D76-BE52-0B6A15E0C51B}.Debug|Any CPU.Build.0 = Debug|Any CPU
		{24B598B8-F9D3-4D76-BE52-0B6A15E0C51B}.Release|Any CPU.ActiveCfg = Release|Any CPU
		{24B598B8-F9D3-4D76-BE52-0B6A15E0C51B}.Release|Any CPU.Build.0 = Release|Any CPU
		{0AFED880-55DD-452F-A7FA-6401D07F79B5}.Debug|Any CPU.ActiveCfg = Debug|Any CPU
		{0AFED880-55DD-452F-A7FA-6401D07F79B5}.Debug|Any CPU.Build.0 = Debug|Any CPU
		{0AFED880-55DD-452F-A7FA-6401D07F79B5}.Release|Any CPU.ActiveCfg = Release|Any CPU
		{0AFED880-55DD-452F-A7FA-6401D07F79B5}.Release|Any CPU.Build.0 = Release|Any CPU
	EndGlobalSection
	GlobalSection(SolutionProperties) = preSolution
		HideSolutionNode = FALSE
	EndGlobalSection
	GlobalSection(ExtensibilityGlobals) = postSolution
		SolutionGuid = {36F8BBE5-110B-49A0-B7D1-815C05C6340E}
	EndGlobalSection
EndGlobal
